{
  "version": 4,
  "terraform_version": "0.12.16",
  "serial": 10,
  "lineage": "59626ece-6e2e-1961-e24b-5212467a2718",
  "outputs": {
    "kubernetes_cluster_name": {
      "value": "my-vpc-native-cluster",
      "type": "string"
    },
    "lb_ip": {
      "value": "34.66.180.31",
      "type": "string"
    }
  },
  "resources": [
    {
      "mode": "data",
      "type": "google_client_config",
      "name": "current",
      "provider": "provider.google",
      "instances": [
        {
          "schema_version": 0,
          "attributes": {
            "access_token": "ya29.a0AfH6SMCrtzARa2222sVqjYrM1eLQawbSK1TFZydYLeg82GXVnwnduh0lR1tawJXftWhrULYZQwSwQ2lFYUfRl5ZNMHtiioKhGQbSZ3p5inWye-SwImzoacLKSIRGnMgCODNED4rdfK964cPV1h8P3FOGNTq0GlyNE7Kv",
            "id": "2020-08-13 13:20:24.705981 +0000 UTC",
            "project": "elasticsearch-236916",
            "region": "",
            "zone": ""
          }
        }
      ]
    },
    {
      "mode": "data",
      "type": "google_container_registry_image",
      "name": "default",
      "provider": "provider.google",
      "instances": [
        {
          "schema_version": 0,
          "attributes": {
            "digest": null,
            "id": "gcr.io/elasticsearch-236916/rlt-test:latest",
            "image_url": "gcr.io/elasticsearch-236916/rlt-test:latest",
            "name": "rlt-test",
            "project": "elasticsearch-236916",
            "region": null,
            "tag": "latest"
          }
        }
      ]
    },
    {
      "mode": "managed",
      "type": "google_cloudbuild_trigger",
      "name": "rlt-test",
      "provider": "provider.google",
      "instances": [
        {
          "schema_version": 1,
          "attributes": {
            "build": [],
            "create_time": "2020-08-13T13:28:15.831656416Z",
            "description": "",
            "disabled": false,
            "filename": "../application/rlt-test/cloudbuild.yaml",
            "id": "projects/elasticsearch-236916/triggers/f40ebd19-9cf4-4909-a9ee-69b717b9ac34",
            "ignored_files": null,
            "included_files": null,
            "name": "trigger",
            "project": "elasticsearch-236916",
            "substitutions": null,
            "timeouts": null,
            "trigger_id": "f40ebd19-9cf4-4909-a9ee-69b717b9ac34",
            "trigger_template": [
              {
                "branch_name": "master",
                "commit_sha": "",
                "dir": "",
                "invert_regex": false,
                "project_id": "elasticsearch-236916",
                "repo_name": "rlt-test",
                "tag_name": ""
              }
            ]
          },
          "private": "eyJlMmJmYjczMC1lY2FhLTExZTYtOGY4OC0zNDM2M2JjN2M0YzAiOnsiY3JlYXRlIjoyNDAwMDAwMDAwMDAsImRlbGV0ZSI6MjQwMDAwMDAwMDAwLCJ1cGRhdGUiOjI0MDAwMDAwMDAwMH0sInNjaGVtYV92ZXJzaW9uIjoiMSJ9",
          "dependencies": [
            "google_container_cluster.primary",
            "google_container_node_pool.primary",
            "google_container_registry.registry",
            "google_storage_bucket_iam_member.viewer"
          ]
        }
      ]
    },
    {
      "mode": "managed",
      "type": "google_compute_address",
      "name": "default",
      "provider": "provider.google",
      "instances": [
        {
          "schema_version": 0,
          "attributes": {
            "address": "104.154.138.91",
            "address_type": "EXTERNAL",
            "creation_timestamp": "2020-08-13T06:20:30.659-07:00",
            "description": "",
            "id": "projects/elasticsearch-236916/regions/us-central1/addresses/default",
            "name": "default",
            "network_tier": "PREMIUM",
            "project": "elasticsearch-236916",
            "purpose": "",
            "region": "us-central1",
            "self_link": "https://www.googleapis.com/compute/v1/projects/elasticsearch-236916/regions/us-central1/addresses/default",
            "subnetwork": "",
            "timeouts": null,
            "users": []
          },
          "private": "eyJlMmJmYjczMC1lY2FhLTExZTYtOGY4OC0zNDM2M2JjN2M0YzAiOnsiY3JlYXRlIjoyNDAwMDAwMDAwMDAsImRlbGV0ZSI6MjQwMDAwMDAwMDAwfX0="
        }
      ]
    },
    {
      "mode": "managed",
      "type": "google_container_cluster",
      "name": "primary",
      "provider": "provider.google",
      "instances": [
        {
          "schema_version": 1,
          "attributes": {
            "additional_zones": [],
            "addons_config": [
              {
                "cloudrun_config": [],
                "horizontal_pod_autoscaling": [],
                "http_load_balancing": [],
                "kubernetes_dashboard": [],
                "network_policy_config": [
                  {
                    "disabled": true
                  }
                ]
              }
            ],
            "authenticator_groups_config": [],
            "cluster_autoscaling": [
              {
                "auto_provisioning_defaults": [],
                "enabled": false,
                "resource_limits": []
              }
            ],
            "cluster_ipv4_cidr": "10.0.0.0/16",
            "database_encryption": [
              {
                "key_name": "",
                "state": "DECRYPTED"
              }
            ],
            "default_max_pods_per_node": 110,
            "description": "",
            "enable_binary_authorization": false,
            "enable_intranode_visibility": null,
            "enable_kubernetes_alpha": false,
            "enable_legacy_abac": false,
            "enable_shielded_nodes": false,
            "enable_tpu": null,
            "endpoint": "104.154.138.99",
            "id": "projects/elasticsearch-236916/locations/us-central1/clusters/my-vpc-native-cluster",
            "initial_node_count": 1,
            "instance_group_urls": [],
            "ip_allocation_policy": [
              {
                "cluster_ipv4_cidr_block": "10.0.0.0/16",
                "cluster_secondary_range_name": "gke-my-vpc-native-cluster-pods-0b47fbfd",
                "node_ipv4_cidr_block": "",
                "services_ipv4_cidr_block": "10.1.0.0/22",
                "services_secondary_range_name": "gke-my-vpc-native-cluster-services-0b47fbfd",
                "subnetwork_name": ""
              }
            ],
            "label_fingerprint": "a9dc16a7",
            "location": "us-central1",
            "logging_service": "logging.googleapis.com/kubernetes",
            "maintenance_policy": [],
            "master_auth": [
              {
                "client_certificate": "",
                "client_certificate_config": [
                  {
                    "issue_client_certificate": false
                  }
                ],
                "client_key": "",
                "cluster_ca_certificate": "LS0tLS1CRUdJTiBDRVJUSUZJQ0FURS0tLS0tCk1JSURLekNDQWhPZ0F3SUJBZ0lSQUo3NzFFenRBaEkrUkk2V0syelJhL1V3RFFZSktvWklodmNOQVFFTEJRQXcKTHpFdE1Dc0dBMVVFQXhNa01HSTFaakk1WkdZdE9UaGtPUzAwTWpobExXRXdaakF0T0RNeU1ERTVPREV6TURSawpNQjRYRFRJd01EZ3hNekV5TWpBek1Gb1hEVEkxTURneE1qRXpNakF6TUZvd0x6RXRNQ3NHQTFVRUF4TWtNR0kxClpqSTVaR1l0T1Roa09TMDBNamhsTFdFd1pqQXRPRE15TURFNU9ERXpNRFJrTUlJQklqQU5CZ2txaGtpRzl3MEIKQVFFRkFBT0NBUThBTUlJQkNnS0NBUUVBajZPVW5JczJGWXA0RWRSVkZwUDd5Ty9KK0pnT3NJTzloRUFXZDZjUwphM0J2bTFqcWRHaUc0UWg4ay9nRHpYb1A5NllGZVdLQ05QdkQ0dW4vTW5kS21wby9Obys4bWpldHlVK1Bmd20zCk5NVnNTSy9XUUlhbzRQcjh3U2lTeXN2WE9yNEhkV3ZLeVVkMWxGUHk5SStpZHVVdVhmbVlCdWM0eDE4RUdVM3IKUWsrT2pWbzRkYTc2WFVJNDNLNW5jS1ZLVFZFek9tVk5WQW14V1lFNDg2ZFN0MFBxVHp4VUY2L0xaZHpiUTNmMwo3b2RpekpNZW5BTWt5enJuQUQyck5lL0ZYR09kYUZ4bDVwU2JQZWlVbi9ZVFAvbFZXQUdHYmpKT0tBRGlpSC9NCjU1YUZMWXgwTmVTeWpUMnNYY21kVG1zQnF5OXI0YStXZW51MFVPOTRtY0lOMlFJREFRQUJvMEl3UURBT0JnTlYKSFE4QkFmOEVCQU1DQWdRd0R3WURWUjBUQVFIL0JBVXdBd0VCL3pBZEJnTlZIUTRFRmdRVS93dWdIdjVsRFYzaQpyR1ZFVTdTbjVQNHFHSU13RFFZSktvWklodmNOQVFFTEJRQURnZ0VCQUZjUHRXTUUvYlFCRHRCaVVpOFRJRDNUCjdpQkJ6ZVZXK01MSEh4Z0pic2dJN0w0WFhzOFVvV0ZpYlNjUXh4R21DUCtycDZScWQ1cGM1Yy9leENncThqZWsKVmgrMEJaa2pmOXBvY01VQVZSak9sMDRja0V3RTd6SGFSL1Nra3RNMUhTSENuaVRKeGtCRGxMbXdhQU5rbmhSbQpVaWNIbitOdW5Jd0haS2FKR3o4U29BdDR5bEdvWm13S1BVakVLK3JVSCtCenZWTjZWQ2duTlcyRzhGUWZTSzhrCmRyVlp5czdGNG8zQWV5VUlYYUV3TU42Sy9lLzBldnFFZUU5ek9FcEZJQVpYT1dDd1NoaW45SjVBOVIzY0VlTlgKQklPOHl0RVEwdjI0d05NZ3VlZitVeFpFRHhzbVhWSUp0TVV1QnF4MXdNRW82bFo2R1RiN0QxaTJGRzJGN25FPQotLS0tLUVORCBDRVJUSUZJQ0FURS0tLS0tCg==",
                "password": "",
                "username": ""
              }
            ],
            "master_authorized_networks_config": [],
            "master_version": "1.15.12-gke.2",
            "min_master_version": null,
            "monitoring_service": "monitoring.googleapis.com/kubernetes",
            "name": "my-vpc-native-cluster",
            "network": "projects/elasticsearch-236916/global/networks/default",
            "network_policy": [
              {
                "enabled": false,
                "provider": "PROVIDER_UNSPECIFIED"
              }
            ],
            "node_config": [],
            "node_locations": [
              "us-central1-a",
              "us-central1-b",
              "us-central1-c"
            ],
            "node_pool": [],
            "node_version": "1.15.12-gke.2",
            "operation": null,
            "pod_security_policy_config": null,
            "private_cluster_config": [],
            "project": "elasticsearch-236916",
            "region": null,
            "remove_default_node_pool": true,
            "resource_labels": null,
            "resource_usage_export_config": [],
            "services_ipv4_cidr": "10.1.0.0/22",
            "subnetwork": "projects/elasticsearch-236916/regions/us-central1/subnetworks/default",
            "timeouts": null,
            "vertical_pod_autoscaling": [],
            "workload_identity_config": [],
            "zone": null
          },
          "private": "eyJlMmJmYjczMC1lY2FhLTExZTYtOGY4OC0zNDM2M2JjN2M0YzAiOnsiY3JlYXRlIjoyNDAwMDAwMDAwMDAwLCJkZWxldGUiOjI0MDAwMDAwMDAwMDAsInJlYWQiOjI0MDAwMDAwMDAwMDAsInVwZGF0ZSI6MzYwMDAwMDAwMDAwMH0sInNjaGVtYV92ZXJzaW9uIjoiMSJ9"
        }
      ]
    },
    {
      "mode": "managed",
      "type": "google_container_node_pool",
      "name": "primary",
      "provider": "provider.google",
      "instances": [
        {
          "schema_version": 1,
          "attributes": {
            "autoscaling": [],
            "cluster": "my-vpc-native-cluster",
            "id": "projects/elasticsearch-236916/locations/us-central1/clusters/my-vpc-native-cluster/nodePools/my-node-pool",
            "initial_node_count": 1,
            "instance_group_urls": [
              "https://www.googleapis.com/compute/v1/projects/elasticsearch-236916/zones/us-central1-a/instanceGroupManagers/gke-my-vpc-native-cluste-my-node-pool-74547607-grp",
              "https://www.googleapis.com/compute/v1/projects/elasticsearch-236916/zones/us-central1-c/instanceGroupManagers/gke-my-vpc-native-cluste-my-node-pool-8fcf96fa-grp",
              "https://www.googleapis.com/compute/v1/projects/elasticsearch-236916/zones/us-central1-b/instanceGroupManagers/gke-my-vpc-native-cluste-my-node-pool-97a13884-grp"
            ],
            "location": "us-central1",
            "management": [
              {
                "auto_repair": true,
                "auto_upgrade": true
              }
            ],
            "max_pods_per_node": 110,
            "name": "my-node-pool",
            "name_prefix": "",
            "node_config": [
              {
                "disk_size_gb": 10,
                "disk_type": "pd-standard",
                "guest_accelerator": [],
                "image_type": "COS",
                "labels": {
                  "env": "elasticsearch-236916"
                },
                "local_ssd_count": 0,
                "machine_type": "n1-standard-1",
                "metadata": {
                  "disable-legacy-endpoints": "true"
                },
                "min_cpu_platform": "",
                "oauth_scopes": [
                  "https://www.googleapis.com/auth/cloud-platform",
                  "https://www.googleapis.com/auth/devstorage.read_only",
                  "https://www.googleapis.com/auth/logging.write",
                  "https://www.googleapis.com/auth/monitoring",
                  "https://www.googleapis.com/auth/service.management.readonly",
                  "https://www.googleapis.com/auth/servicecontrol",
                  "https://www.googleapis.com/auth/trace.append"
                ],
                "preemptible": false,
                "sandbox_config": [],
                "service_account": "jonathan-boniface@elasticsearch-236916.iam.gserviceaccount.com",
                "shielded_instance_config": [
                  {
                    "enable_integrity_monitoring": true,
                    "enable_secure_boot": false
                  }
                ],
                "tags": [
                  "gke-node",
                  "elasticsearch-236916-gke"
                ],
                "taint": [],
                "workload_metadata_config": []
              }
            ],
            "node_count": 1,
            "node_locations": [
              "us-central1-a",
              "us-central1-b",
              "us-central1-c"
            ],
            "project": "elasticsearch-236916",
            "region": null,
            "timeouts": null,
            "upgrade_settings": [
              {
                "max_surge": 1,
                "max_unavailable": 0
              }
            ],
            "version": "1.15.12-gke.2",
            "zone": null
          },
          "private": "eyJlMmJmYjczMC1lY2FhLTExZTYtOGY4OC0zNDM2M2JjN2M0YzAiOnsiY3JlYXRlIjoxODAwMDAwMDAwMDAwLCJkZWxldGUiOjE4MDAwMDAwMDAwMDAsInVwZGF0ZSI6MTgwMDAwMDAwMDAwMH0sInNjaGVtYV92ZXJzaW9uIjoiMSJ9",
          "dependencies": [
            "google_container_cluster.primary"
          ]
        }
      ]
    },
    {
      "mode": "managed",
      "type": "google_container_registry",
      "name": "registry",
      "provider": "provider.google",
      "instances": [
        {
          "schema_version": 0,
          "attributes": {
            "bucket_self_link": "https://www.googleapis.com/storage/v1/b/artifacts.elasticsearch-236916.appspot.com",
            "id": "artifacts.elasticsearch-236916.appspot.com",
            "location": null,
            "project": null
          },
          "private": "bnVsbA=="
        }
      ]
    },
    {
      "mode": "managed",
      "type": "google_storage_bucket_iam_member",
      "name": "viewer",
      "provider": "provider.google",
      "instances": [
        {
          "schema_version": 0,
          "attributes": {
            "bucket": "b/artifacts.elasticsearch-236916.appspot.com",
            "condition": [],
            "etag": "CA0=",
            "id": "b/artifacts.elasticsearch-236916.appspot.com/roles/storage.objectViewer/serviceaccount:jonathan-boniface@elasticsearch-236916.iam.gserviceaccount.com",
            "member": "serviceAccount:jonathan-boniface@elasticsearch-236916.iam.gserviceaccount.com",
            "role": "roles/storage.objectViewer"
          },
          "private": "bnVsbA==",
          "dependencies": [
            "google_container_registry.registry"
          ]
        }
      ]
    },
    {
      "mode": "managed",
      "type": "kubernetes_deployment",
      "name": "rlt-test",
      "provider": "provider.kubernetes",
      "instances": [
        {
          "schema_version": 0,
          "attributes": {
            "id": "default/rlt-test",
            "metadata": [
              {
                "annotations": null,
                "generate_name": "",
                "generation": 1,
                "labels": {
                  "App": "rlt-test"
                },
                "name": "rlt-test",
                "namespace": "default",
                "resource_version": "4074",
                "self_link": "/apis/apps/v1/namespaces/default/deployments/rlt-test",
                "uid": "222319fb-fa02-46c0-b2bb-2ff00c40b513"
              }
            ],
            "spec": [
              {
                "min_ready_seconds": 0,
                "paused": false,
                "progress_deadline_seconds": 600,
                "replicas": 2,
                "revision_history_limit": 10,
                "selector": [
                  {
                    "match_expressions": [],
                    "match_labels": {
                      "App": "rlt-test"
                    }
                  }
                ],
                "strategy": [
                  {
                    "rolling_update": [
                      {
                        "max_surge": "25%",
                        "max_unavailable": "25%"
                      }
                    ],
                    "type": "RollingUpdate"
                  }
                ],
                "template": [
                  {
                    "metadata": [
                      {
                        "annotations": null,
                        "generate_name": "",
                        "generation": 0,
                        "labels": {
                          "App": "rlt-test"
                        },
                        "name": "",
                        "namespace": "",
                        "resource_version": "",
                        "self_link": "",
                        "uid": ""
                      }
                    ],
                    "spec": [
                      {
                        "active_deadline_seconds": 0,
                        "affinity": [],
                        "automount_service_account_token": false,
                        "container": [
                          {
                            "args": null,
                            "command": null,
                            "env": [],
                            "env_from": [],
                            "image": "gcr.io/elasticsearch-236916/rlt-test:latest",
                            "image_pull_policy": "Always",
                            "lifecycle": [],
                            "liveness_probe": [],
                            "name": "rlt-test",
                            "port": [
                              {
                                "container_port": 80,
                                "host_ip": "",
                                "host_port": 0,
                                "name": "",
                                "protocol": "TCP"
                              }
                            ],
                            "readiness_probe": [],
                            "resources": [
                              {
                                "limits": [
                                  {
                                    "cpu": "500m",
                                    "memory": "512Mi"
                                  }
                                ],
                                "requests": [
                                  {
                                    "cpu": "250m",
                                    "memory": "50Mi"
                                  }
                                ]
                              }
                            ],
                            "security_context": [],
                            "stdin": false,
                            "stdin_once": false,
                            "termination_message_path": "/dev/termination-log",
                            "tty": false,
                            "volume_mount": [],
                            "working_dir": ""
                          }
                        ],
                        "dns_config": [],
                        "dns_policy": "ClusterFirst",
                        "host_aliases": [],
                        "host_ipc": false,
                        "host_network": false,
                        "host_pid": false,
                        "hostname": "",
                        "image_pull_secrets": [],
                        "init_container": [],
                        "node_name": "",
                        "node_selector": null,
                        "priority_class_name": "",
                        "restart_policy": "Always",
                        "security_context": [],
                        "service_account_name": "",
                        "share_process_namespace": false,
                        "subdomain": "",
                        "termination_grace_period_seconds": 30,
                        "toleration": [],
                        "volume": []
                      }
                    ]
                  }
                ]
              }
            ],
            "timeouts": null
          },
          "private": "eyJlMmJmYjczMC1lY2FhLTExZTYtOGY4OC0zNDM2M2JjN2M0YzAiOnsiY3JlYXRlIjo2MDAwMDAwMDAwMDAsImRlbGV0ZSI6NjAwMDAwMDAwMDAwLCJ1cGRhdGUiOjYwMDAwMDAwMDAwMH19",
          "dependencies": [
            "google_compute_address.default",
            "google_container_cluster.primary",
            "google_container_node_pool.primary",
            "kubernetes_namespace.staging"
          ]
        }
      ]
    },
    {
      "mode": "managed",
      "type": "kubernetes_namespace",
      "name": "staging",
      "provider": "provider.kubernetes",
      "instances": [
        {
          "schema_version": 0,
          "attributes": {
            "id": "staging",
            "metadata": [
              {
                "annotations": null,
                "generate_name": "",
                "generation": 0,
                "labels": null,
                "name": "staging",
                "resource_version": "2539",
                "self_link": "/api/v1/namespaces/staging",
                "uid": "56eec6b4-4470-452c-bc10-a78863f3adda"
              }
            ],
            "timeouts": null
          },
          "private": "eyJlMmJmYjczMC1lY2FhLTExZTYtOGY4OC0zNDM2M2JjN2M0YzAiOnsiZGVsZXRlIjozMDAwMDAwMDAwMDB9fQ==",
          "dependencies": [
            "google_container_cluster.primary"
          ]
        }
      ]
    },
    {
      "mode": "managed",
      "type": "kubernetes_service",
      "name": "rlt-test",
      "provider": "provider.kubernetes",
      "instances": [
        {
          "schema_version": 0,
          "attributes": {
            "id": "default/rlt-test",
            "load_balancer_ingress": [
              {
                "hostname": "",
                "ip": "34.66.180.31"
              }
            ],
            "metadata": [
              {
                "annotations": null,
                "generate_name": "",
                "generation": 0,
                "labels": null,
                "name": "rlt-test",
                "namespace": "default",
                "resource_version": "4634",
                "self_link": "/api/v1/namespaces/default/services/rlt-test",
                "uid": "4b01f0ab-3ce1-4ba9-ab2c-1ed0c683f079"
              }
            ],
            "spec": [
              {
                "cluster_ip": "10.1.3.18",
                "external_ips": null,
                "external_name": "",
                "external_traffic_policy": "Cluster",
                "load_balancer_ip": "",
                "load_balancer_source_ranges": null,
                "port": [
                  {
                    "name": "",
                    "node_port": 31921,
                    "port": 80,
                    "protocol": "TCP",
                    "target_port": "80"
                  }
                ],
                "publish_not_ready_addresses": false,
                "selector": {
                  "App": "rlt-test"
                },
                "session_affinity": "None",
                "type": "LoadBalancer"
              }
            ],
            "timeouts": null
          },
          "private": "eyJlMmJmYjczMC1lY2FhLTExZTYtOGY4OC0zNDM2M2JjN2M0YzAiOnsiY3JlYXRlIjo2MDAwMDAwMDAwMDB9fQ==",
          "dependencies": [
            "google_compute_address.default",
            "google_container_cluster.primary",
            "google_container_node_pool.primary",
            "kubernetes_deployment.rlt-test",
            "kubernetes_namespace.staging"
          ]
        }
      ]
    }
  ]
}
