{
  "version": 4,
  "terraform_version": "0.12.16",
  "serial": 34,
  "lineage": "bd516cef-9649-5c81-4097-7d46e686f5dd",
  "outputs": {
    "kubernetes_cluster_name": {
      "value": "my-vpc-native-cluster",
      "type": "string"
    }
  },
  "resources": [
    {
      "mode": "data",
      "type": "google_client_config",
      "name": "provider",
      "provider": "provider.google",
      "instances": [
        {
          "schema_version": 0,
          "attributes": {
            "access_token": "ya29.a0AfH6SMBzAvRy6jxUBstBjZKAlFNBy4UYg7IBpEPdrPd3Sr-8OPZPv0M4rkz-VC_2KUHRJl9ysA8i2lNEQ45x0UAFw0WhD7fQ5fQmI6dXDysS-4Gkq4TyhlT7ezjCEyHQilRGyy4iJptt9M6OaxO5ZZcT0XrQtU8yhhmU",
            "id": "2020-08-12 15:17:24.431726 +0000 UTC",
            "project": "",
            "region": "",
            "zone": ""
          }
        }
      ]
    },
    {
      "mode": "data",
      "type": "google_container_cluster",
      "name": "my_cluster",
      "provider": "provider.google",
      "instances": [
        {
          "schema_version": 0,
          "attributes": {
            "additional_zones": null,
            "addons_config": null,
            "authenticator_groups_config": null,
            "cluster_autoscaling": null,
            "cluster_ipv4_cidr": null,
            "database_encryption": null,
            "default_max_pods_per_node": null,
            "description": null,
            "enable_binary_authorization": null,
            "enable_intranode_visibility": null,
            "enable_kubernetes_alpha": null,
            "enable_legacy_abac": null,
            "enable_shielded_nodes": null,
            "enable_tpu": null,
            "endpoint": null,
            "id": null,
            "initial_node_count": null,
            "instance_group_urls": null,
            "ip_allocation_policy": null,
            "label_fingerprint": null,
            "location": null,
            "logging_service": null,
            "maintenance_policy": null,
            "master_auth": null,
            "master_authorized_networks_config": null,
            "master_version": null,
            "min_master_version": null,
            "monitoring_service": null,
            "name": null,
            "network": null,
            "network_policy": null,
            "node_config": null,
            "node_locations": null,
            "node_pool": null,
            "node_version": null,
            "operation": null,
            "pod_security_policy_config": null,
            "private_cluster_config": null,
            "project": null,
            "region": null,
            "remove_default_node_pool": null,
            "resource_labels": null,
            "resource_usage_export_config": null,
            "services_ipv4_cidr": null,
            "subnetwork": null,
            "vertical_pod_autoscaling": null,
            "workload_identity_config": null,
            "zone": null
          }
        }
      ]
    },
    {
      "mode": "managed",
      "type": "google_cloudbuild_trigger",
      "name": "rlt-test",
      "provider": "provider.google",
      "instances": [
        {
          "schema_version": 1,
          "attributes": {
            "build": [],
            "create_time": "2020-08-12T15:17:30.129700945Z",
            "description": "",
            "disabled": false,
            "filename": "application/rlt-test//cloudbuild.yaml",
            "id": "projects/elasticsearch-236916/triggers/67b865e2-19a6-4633-8333-a7cf6ca03746",
            "ignored_files": null,
            "included_files": null,
            "name": "trigger",
            "project": "elasticsearch-236916",
            "substitutions": null,
            "timeouts": null,
            "trigger_id": "67b865e2-19a6-4633-8333-a7cf6ca03746",
            "trigger_template": [
              {
                "branch_name": "master",
                "commit_sha": "",
                "dir": "",
                "invert_regex": false,
                "project_id": "elasticsearch-236916",
                "repo_name": "rtl-test",
                "tag_name": ""
              }
            ]
          },
          "private": "eyJlMmJmYjczMC1lY2FhLTExZTYtOGY4OC0zNDM2M2JjN2M0YzAiOnsiY3JlYXRlIjoyNDAwMDAwMDAwMDAsImRlbGV0ZSI6MjQwMDAwMDAwMDAwLCJ1cGRhdGUiOjI0MDAwMDAwMDAwMH0sInNjaGVtYV92ZXJzaW9uIjoiMSJ9"
        }
      ]
    },
    {
      "mode": "managed",
      "type": "google_container_cluster",
      "name": "primary",
      "provider": "provider.google",
      "instances": [
        {
          "schema_version": 1,
          "attributes": {
            "additional_zones": [],
            "addons_config": [
              {
                "cloudrun_config": [],
                "horizontal_pod_autoscaling": [],
                "http_load_balancing": [],
                "kubernetes_dashboard": [],
                "network_policy_config": [
                  {
                    "disabled": true
                  }
                ]
              }
            ],
            "authenticator_groups_config": [],
            "cluster_autoscaling": [
              {
                "auto_provisioning_defaults": [],
                "enabled": false,
                "resource_limits": []
              }
            ],
            "cluster_ipv4_cidr": "10.0.0.0/16",
            "database_encryption": [
              {
                "key_name": "",
                "state": "DECRYPTED"
              }
            ],
            "default_max_pods_per_node": 110,
            "description": "",
            "enable_binary_authorization": false,
            "enable_intranode_visibility": null,
            "enable_kubernetes_alpha": false,
            "enable_legacy_abac": false,
            "enable_shielded_nodes": false,
            "enable_tpu": null,
            "endpoint": "104.197.200.120",
            "id": "projects/elasticsearch-236916/locations/us-central1/clusters/my-vpc-native-cluster",
            "initial_node_count": 1,
            "instance_group_urls": [],
            "ip_allocation_policy": [
              {
                "cluster_ipv4_cidr_block": "10.0.0.0/16",
                "cluster_secondary_range_name": "gke-my-vpc-native-cluster-pods-f291a979",
                "node_ipv4_cidr_block": "",
                "services_ipv4_cidr_block": "10.1.0.0/22",
                "services_secondary_range_name": "gke-my-vpc-native-cluster-services-f291a979",
                "subnetwork_name": ""
              }
            ],
            "label_fingerprint": "a9dc16a7",
            "location": "us-central1",
            "logging_service": "logging.googleapis.com/kubernetes",
            "maintenance_policy": [],
            "master_auth": [
              {
                "client_certificate": "",
                "client_certificate_config": [
                  {
                    "issue_client_certificate": false
                  }
                ],
                "client_key": "",
                "cluster_ca_certificate": "LS0tLS1CRUdJTiBDRVJUSUZJQ0FURS0tLS0tCk1JSURLakNDQWhLZ0F3SUJBZ0lRTHRmVnJJRy9CMVM1dXJyUmdBalFlakFOQmdrcWhraUc5dzBCQVFzRkFEQXYKTVMwd0t3WURWUVFERXlRNU5XUmtaVGhpWWkweU9EQTJMVFJpT1RJdE9UWXhZaTFqWVRJeFlqVmpNVEJrTmpRdwpIaGNOTWpBd09ERXlNVFF4TnpNd1doY05NalV3T0RFeE1UVXhOek13V2pBdk1TMHdLd1lEVlFRREV5UTVOV1JrClpUaGlZaTB5T0RBMkxUUmlPVEl0T1RZeFlpMWpZVEl4WWpWak1UQmtOalF3Z2dFaU1BMEdDU3FHU0liM0RRRUIKQVFVQUE0SUJEd0F3Z2dFS0FvSUJBUURETy9ocFM0TU5NeGsrU1F4eVI5eVAzNjNKVFJUclJDQjZ1VnJoaExRbAoxUVNWSXY5TTdLYXQ0ZGdSMkw5d1V0aHNBamNLcG42NVZDays3MHZsa0ZpMXltN2JLMjNaT2c2dGF3dlFBaFZpCkJ2c1lDYnY3cXdLSzJuUmhTb1ZVQ3BkOGU5eWc1RGV0MnVHbjdvSG5NSW8xbmpxRWlGaUxZbnhxZmlraHpVUUcKeHdsdmV6RU1mVkJvVFFkUUhqUThYa01KZ0txT3lRMVQ3YmpZRXN0cTI0MDFraVh1UmNhbUNqQnFPUzhranhIMgpPeHJKWlJxQ1NtRFR6WHQrK0hHMDJCRks4TGtPZnBqTXRJZDh2TVQwRWgyS1dxK0tEL2xHOFNheDhhZGJDZmtuCkdrck9pK2wyRmJCTDgrb0duR2tDYkVkaHBMSU9JNzhRVk1HbWxDSlhYZWt4QWdNQkFBR2pRakJBTUE0R0ExVWQKRHdFQi93UUVBd0lDQkRBUEJnTlZIUk1CQWY4RUJUQURBUUgvTUIwR0ExVWREZ1FXQkJRTG8vUkxXVWpsSXRHQgppQXRxelU4dW4rcUZkakFOQmdrcWhraUc5dzBCQVFzRkFBT0NBUUVBUVpRd2ErMi9oMkVid3lhQkVyRzUyZHd0Ck5Ccjkxalp4T042RVJDNERUWCsyU1pBbVlxTlpEeTliOGpFMjZHbERxT1NnaCtEZWNMdWpCbzF1SHl1MjF4ZmMKSll0ay85WmExTm51NEpON2tiKzBYSjNJODRvRDRpenNkMnhZaFQ0d21zVU5LWTJLOXVLZ1lUWElpZFU0a0g2ZQpFYk02Q1o1ZUdYRVFPQXdvQldFbmxYUGtDbVdwYjFoTTZCNlBleUNxYjlOQmVhZHFyQlBtZzE0MEJkRFR6R0x6CnRLZmdFZ2djaENJNDZ0NHYyR3B3Z0c1RjgrU0lxMGFXZkVTOTJTcDZyL3M4TW1tNDl2T2E5WHZCVnBQakFJTDMKTTh3S01JckgwZXhHU0R3OE1vVlR1d1pBdHVyektxSFAzcTRhWVNzV2hqZzJsek5hY1h3SXFZTmZuNnJMclE9PQotLS0tLUVORCBDRVJUSUZJQ0FURS0tLS0tCg==",
                "password": "",
                "username": ""
              }
            ],
            "master_authorized_networks_config": [],
            "master_version": "1.15.12-gke.2",
            "min_master_version": null,
            "monitoring_service": "monitoring.googleapis.com/kubernetes",
            "name": "my-vpc-native-cluster",
            "network": "projects/elasticsearch-236916/global/networks/default",
            "network_policy": [
              {
                "enabled": false,
                "provider": "PROVIDER_UNSPECIFIED"
              }
            ],
            "node_config": [],
            "node_locations": [
              "us-central1-b",
              "us-central1-c",
              "us-central1-f"
            ],
            "node_pool": [],
            "node_version": "1.15.12-gke.2",
            "operation": null,
            "pod_security_policy_config": null,
            "private_cluster_config": [],
            "project": "elasticsearch-236916",
            "region": null,
            "remove_default_node_pool": true,
            "resource_labels": null,
            "resource_usage_export_config": [],
            "services_ipv4_cidr": "10.1.0.0/22",
            "subnetwork": "projects/elasticsearch-236916/regions/us-central1/subnetworks/default",
            "timeouts": null,
            "vertical_pod_autoscaling": [],
            "workload_identity_config": [],
            "zone": null
          },
          "private": "eyJlMmJmYjczMC1lY2FhLTExZTYtOGY4OC0zNDM2M2JjN2M0YzAiOnsiY3JlYXRlIjoyNDAwMDAwMDAwMDAwLCJkZWxldGUiOjI0MDAwMDAwMDAwMDAsInJlYWQiOjI0MDAwMDAwMDAwMDAsInVwZGF0ZSI6MzYwMDAwMDAwMDAwMH0sInNjaGVtYV92ZXJzaW9uIjoiMSJ9"
        }
      ]
    },
    {
      "mode": "managed",
      "type": "google_container_node_pool",
      "name": "primary",
      "provider": "provider.google",
      "instances": [
        {
          "schema_version": 1,
          "attributes": {
            "autoscaling": [],
            "cluster": "my-vpc-native-cluster",
            "id": "projects/elasticsearch-236916/locations/us-central1/clusters/my-vpc-native-cluster/nodePools/my-node-pool",
            "initial_node_count": 1,
            "instance_group_urls": [
              "https://www.googleapis.com/compute/v1/projects/elasticsearch-236916/zones/us-central1-c/instanceGroupManagers/gke-my-vpc-native-cluste-my-node-pool-4d0c0c7c-grp",
              "https://www.googleapis.com/compute/v1/projects/elasticsearch-236916/zones/us-central1-f/instanceGroupManagers/gke-my-vpc-native-cluste-my-node-pool-b8459038-grp",
              "https://www.googleapis.com/compute/v1/projects/elasticsearch-236916/zones/us-central1-b/instanceGroupManagers/gke-my-vpc-native-cluste-my-node-pool-2835d26b-grp"
            ],
            "location": "us-central1",
            "management": [
              {
                "auto_repair": true,
                "auto_upgrade": true
              }
            ],
            "max_pods_per_node": 110,
            "name": "my-node-pool",
            "name_prefix": "",
            "node_config": [
              {
                "disk_size_gb": 100,
                "disk_type": "pd-standard",
                "guest_accelerator": [],
                "image_type": "COS",
                "labels": {
                  "env": "elasticsearch-236916"
                },
                "local_ssd_count": 0,
                "machine_type": "n1-standard-1",
                "metadata": {
                  "disable-legacy-endpoints": "true"
                },
                "min_cpu_platform": "",
                "oauth_scopes": [
                  "https://www.googleapis.com/auth/logging.write",
                  "https://www.googleapis.com/auth/monitoring"
                ],
                "preemptible": false,
                "sandbox_config": [],
                "service_account": "default",
                "shielded_instance_config": [
                  {
                    "enable_integrity_monitoring": true,
                    "enable_secure_boot": false
                  }
                ],
                "tags": [
                  "gke-node",
                  "elasticsearch-236916-gke"
                ],
                "taint": [],
                "workload_metadata_config": []
              }
            ],
            "node_count": 1,
            "node_locations": [
              "us-central1-b",
              "us-central1-c",
              "us-central1-f"
            ],
            "project": "elasticsearch-236916",
            "region": null,
            "timeouts": null,
            "upgrade_settings": [
              {
                "max_surge": 1,
                "max_unavailable": 0
              }
            ],
            "version": "1.15.12-gke.2",
            "zone": null
          },
          "private": "eyJlMmJmYjczMC1lY2FhLTExZTYtOGY4OC0zNDM2M2JjN2M0YzAiOnsiY3JlYXRlIjoxODAwMDAwMDAwMDAwLCJkZWxldGUiOjE4MDAwMDAwMDAwMDAsInVwZGF0ZSI6MTgwMDAwMDAwMDAwMH0sInNjaGVtYV92ZXJzaW9uIjoiMSJ9",
          "dependencies": [
            "google_container_cluster.primary"
          ]
        }
      ]
    }
  ]
}
