{
  "version": 4,
  "terraform_version": "0.12.16",
  "serial": 9,
  "lineage": "bd516cef-9649-5c81-4097-7d46e686f5dd",
  "outputs": {
    "kubernetes_cluster_name": {
      "value": "my-vpc-native-cluster",
      "type": "string"
    }
  },
  "resources": [
    {
      "mode": "data",
      "type": "google_client_config",
      "name": "provider",
      "provider": "provider.google",
      "instances": [
        {
          "schema_version": 0,
          "attributes": {
            "access_token": "ya29.a0AfH6SMAjsqvqSv1rfabz6INqLHeQc-X_76SBKiscNSVXH480jzgh1-irW4cbtqTsoXRfrEB0uC_qTlvLAQ20xwaoNnmZa_cJMnnW42XCu1Gj9cMFVGety0Azn6qgCpCpMhhSGwAVeWi5WvNy5AZedfj7zRVH2jBDEv4",
            "id": "2020-08-11 20:00:47.820093 +0000 UTC",
            "project": "",
            "region": "",
            "zone": ""
          }
        }
      ]
    },
    {
      "mode": "data",
      "type": "google_container_cluster",
      "name": "my_cluster",
      "provider": "provider.google",
      "instances": [
        {
          "schema_version": 0,
          "attributes": {
            "additional_zones": null,
            "addons_config": null,
            "authenticator_groups_config": null,
            "cluster_autoscaling": null,
            "cluster_ipv4_cidr": null,
            "database_encryption": null,
            "default_max_pods_per_node": null,
            "description": null,
            "enable_binary_authorization": null,
            "enable_intranode_visibility": null,
            "enable_kubernetes_alpha": null,
            "enable_legacy_abac": null,
            "enable_shielded_nodes": null,
            "enable_tpu": null,
            "endpoint": null,
            "id": null,
            "initial_node_count": null,
            "instance_group_urls": null,
            "ip_allocation_policy": null,
            "label_fingerprint": null,
            "location": null,
            "logging_service": null,
            "maintenance_policy": null,
            "master_auth": null,
            "master_authorized_networks_config": null,
            "master_version": null,
            "min_master_version": null,
            "monitoring_service": null,
            "name": null,
            "network": null,
            "network_policy": null,
            "node_config": null,
            "node_locations": null,
            "node_pool": null,
            "node_version": null,
            "operation": null,
            "pod_security_policy_config": null,
            "private_cluster_config": null,
            "project": null,
            "region": null,
            "remove_default_node_pool": null,
            "resource_labels": null,
            "resource_usage_export_config": null,
            "services_ipv4_cidr": null,
            "subnetwork": null,
            "vertical_pod_autoscaling": null,
            "workload_identity_config": null,
            "zone": null
          }
        }
      ]
    },
    {
      "mode": "managed",
      "type": "google_container_cluster",
      "name": "primary",
      "provider": "provider.google",
      "instances": [
        {
          "schema_version": 1,
          "attributes": {
            "additional_zones": [],
            "addons_config": [
              {
                "cloudrun_config": [],
                "horizontal_pod_autoscaling": [],
                "http_load_balancing": [],
                "kubernetes_dashboard": [],
                "network_policy_config": [
                  {
                    "disabled": true
                  }
                ]
              }
            ],
            "authenticator_groups_config": [],
            "cluster_autoscaling": [
              {
                "auto_provisioning_defaults": [],
                "enabled": false,
                "resource_limits": []
              }
            ],
            "cluster_ipv4_cidr": "10.0.0.0/16",
            "database_encryption": [
              {
                "key_name": "",
                "state": "DECRYPTED"
              }
            ],
            "default_max_pods_per_node": 110,
            "description": "",
            "enable_binary_authorization": false,
            "enable_intranode_visibility": null,
            "enable_kubernetes_alpha": false,
            "enable_legacy_abac": false,
            "enable_shielded_nodes": false,
            "enable_tpu": null,
            "endpoint": "34.72.116.226",
            "id": "projects/elasticsearch-236916/locations/us-central1/clusters/my-vpc-native-cluster",
            "initial_node_count": 1,
            "instance_group_urls": [
              "https://www.googleapis.com/compute/v1/projects/elasticsearch-236916/zones/us-central1-a/instanceGroups/gke-my-vpc-native-cluste-default-pool-f38814a8-grp",
              "https://www.googleapis.com/compute/v1/projects/elasticsearch-236916/zones/us-central1-b/instanceGroups/gke-my-vpc-native-cluste-default-pool-46f8704f-grp",
              "https://www.googleapis.com/compute/v1/projects/elasticsearch-236916/zones/us-central1-f/instanceGroups/gke-my-vpc-native-cluste-default-pool-c2d68316-grp"
            ],
            "ip_allocation_policy": [
              {
                "cluster_ipv4_cidr_block": "10.0.0.0/16",
                "cluster_secondary_range_name": "gke-my-vpc-native-cluster-pods-61ac0be0",
                "node_ipv4_cidr_block": "",
                "services_ipv4_cidr_block": "10.1.0.0/22",
                "services_secondary_range_name": "gke-my-vpc-native-cluster-services-61ac0be0",
                "subnetwork_name": ""
              }
            ],
            "label_fingerprint": "a9dc16a7",
            "location": "us-central1",
            "logging_service": "logging.googleapis.com/kubernetes",
            "maintenance_policy": [],
            "master_auth": [
              {
                "client_certificate": "",
                "client_certificate_config": [
                  {
                    "issue_client_certificate": false
                  }
                ],
                "client_key": "",
                "cluster_ca_certificate": "LS0tLS1CRUdJTiBDRVJUSUZJQ0FURS0tLS0tCk1JSURERENDQWZTZ0F3SUJBZ0lSQUpHTmFyY24wMHdxRFJJcEd3a0duak13RFFZSktvWklodmNOQVFFTEJRQXcKTHpFdE1Dc0dBMVVFQXhNa05UZGlZMlpqWXpFdFpESm1ZaTAwTkdSaExXSmxNbUl0TW1GbE5HVmpZV1V4WmpJeQpNQjRYRFRJd01EZ3hNVEU1TURBMU1sb1hEVEkxTURneE1ESXdNREExTWxvd0x6RXRNQ3NHQTFVRUF4TWtOVGRpClkyWmpZekV0WkRKbVlpMDBOR1JoTFdKbE1tSXRNbUZsTkdWallXVXhaakl5TUlJQklqQU5CZ2txaGtpRzl3MEIKQVFFRkFBT0NBUThBTUlJQkNnS0NBUUVBdkFGbEEzN3ZhaG5LdUVzeXNCOTBGRG5BazFGOW81amZtcVQzbGlPNQo4N2x0cWM1V0tjMkZ1d2prWjhKckFhT0hpS0l6ZTFzNVlNZ1BxQzRRNUU3cTIzTC9icW5mT3RGV0Y0QllVeTlOCjBHZ05zek5OWVpxb056WGRKVklXVjVyL3lCWUwzK1h3YzdUUzRTRlZOcC9xNmhueHdFR2J6YnVDa0RVMU5pVGwKWERTT2dpUXNkOTFzODJRN2k1bnNOaEgySjUwRktGRDhDOEFPUE96amJ4c2NIYTY1c1hBU1pwYlZsbkE4MEpQeQpBVDVPRWFGQThBQlBNdUlvK3psRjFKYXpRdzlRVjhzaU5zY29qbDQzQVM2STh4N2dYcktGSENMQ1ovcDNBRU5vCkV3MCtwS1VFVVZOMVlGWHVOK1NiZmVVYm93SHU4Z0s0V3BUYjVJVGMvUWkxRlFJREFRQUJveU13SVRBT0JnTlYKSFE4QkFmOEVCQU1DQWdRd0R3WURWUjBUQVFIL0JBVXdBd0VCL3pBTkJna3Foa2lHOXcwQkFRc0ZBQU9DQVFFQQpUY0psaThsUGFQbDY5c3hjVVl0MjEwRlh2OG4zemRDZzVyMUx3cVYvdGh2OTdyYWxUN0Z4U1dGSnc2UDNhUmhoClEyUUtZMitXZ2NkVmE4NnBrOEVHZFU4Ni80bDg2TlIrY1p0bVBKM1cxcFliaEdjS3hzOUxTdm9iaWxkVXBEdW4KLytqNm9RQmtFb1hFUkttdXd1MWZzUks2Mk1UUWpaQk1abFpYSEtUNWd2SHdGMVlHeEoybzZjL05TWis4N1l5VwpveEJMdEk2U0E4SkJVUzh0RS9jSnNRYXMvWkRDcXdkenZmd3ByeG9IU09Fa3pxVzlaelI1bDU2QlZLR0lZWnFjCkEzMldGcHdiR0NTSWZBY0pLSkJIZjNqL0NJMS9DK3BoOFJrbWxTcXVIWE9xRXR4NUN1S2w0eFRtRFJkcmMyWWkKaldaT2FXQmZDblhlMTg0bUVJWTRqUT09Ci0tLS0tRU5EIENFUlRJRklDQVRFLS0tLS0K",
                "password": "",
                "username": ""
              }
            ],
            "master_authorized_networks_config": [],
            "master_version": "1.15.12-gke.2",
            "min_master_version": null,
            "monitoring_service": "monitoring.googleapis.com/kubernetes",
            "name": "my-vpc-native-cluster",
            "network": "projects/elasticsearch-236916/global/networks/default",
            "network_policy": [
              {
                "enabled": false,
                "provider": "PROVIDER_UNSPECIFIED"
              }
            ],
            "node_config": [
              {
                "disk_size_gb": 100,
                "disk_type": "pd-standard",
                "guest_accelerator": [],
                "image_type": "COS",
                "labels": {},
                "local_ssd_count": 0,
                "machine_type": "n1-standard-1",
                "metadata": {
                  "disable-legacy-endpoints": "true"
                },
                "min_cpu_platform": "",
                "oauth_scopes": [
                  "https://www.googleapis.com/auth/devstorage.read_only",
                  "https://www.googleapis.com/auth/logging.write",
                  "https://www.googleapis.com/auth/monitoring",
                  "https://www.googleapis.com/auth/service.management.readonly",
                  "https://www.googleapis.com/auth/servicecontrol",
                  "https://www.googleapis.com/auth/trace.append"
                ],
                "preemptible": false,
                "sandbox_config": [],
                "service_account": "default",
                "shielded_instance_config": [
                  {
                    "enable_integrity_monitoring": true,
                    "enable_secure_boot": false
                  }
                ],
                "tags": [],
                "taint": [],
                "workload_metadata_config": []
              }
            ],
            "node_locations": [
              "us-central1-a",
              "us-central1-b",
              "us-central1-f"
            ],
            "node_pool": [
              {
                "autoscaling": [],
                "initial_node_count": 1,
                "instance_group_urls": [
                  "https://www.googleapis.com/compute/v1/projects/elasticsearch-236916/zones/us-central1-a/instanceGroupManagers/gke-my-vpc-native-cluste-default-pool-f38814a8-grp",
                  "https://www.googleapis.com/compute/v1/projects/elasticsearch-236916/zones/us-central1-b/instanceGroupManagers/gke-my-vpc-native-cluste-default-pool-46f8704f-grp",
                  "https://www.googleapis.com/compute/v1/projects/elasticsearch-236916/zones/us-central1-f/instanceGroupManagers/gke-my-vpc-native-cluste-default-pool-c2d68316-grp"
                ],
                "management": [
                  {
                    "auto_repair": true,
                    "auto_upgrade": true
                  }
                ],
                "max_pods_per_node": 110,
                "name": "default-pool",
                "name_prefix": "",
                "node_config": [
                  {
                    "disk_size_gb": 100,
                    "disk_type": "pd-standard",
                    "guest_accelerator": [],
                    "image_type": "COS",
                    "labels": {},
                    "local_ssd_count": 0,
                    "machine_type": "n1-standard-1",
                    "metadata": {
                      "disable-legacy-endpoints": "true"
                    },
                    "min_cpu_platform": "",
                    "oauth_scopes": [
                      "https://www.googleapis.com/auth/devstorage.read_only",
                      "https://www.googleapis.com/auth/logging.write",
                      "https://www.googleapis.com/auth/monitoring",
                      "https://www.googleapis.com/auth/service.management.readonly",
                      "https://www.googleapis.com/auth/servicecontrol",
                      "https://www.googleapis.com/auth/trace.append"
                    ],
                    "preemptible": false,
                    "sandbox_config": [],
                    "service_account": "default",
                    "shielded_instance_config": [
                      {
                        "enable_integrity_monitoring": true,
                        "enable_secure_boot": false
                      }
                    ],
                    "tags": [],
                    "taint": [],
                    "workload_metadata_config": []
                  }
                ],
                "node_count": 1,
                "node_locations": [
                  "us-central1-a",
                  "us-central1-b",
                  "us-central1-f"
                ],
                "upgrade_settings": [
                  {
                    "max_surge": 1,
                    "max_unavailable": 0
                  }
                ],
                "version": "1.15.12-gke.2"
              }
            ],
            "node_version": "1.15.12-gke.2",
            "operation": null,
            "pod_security_policy_config": null,
            "private_cluster_config": [],
            "project": "elasticsearch-236916",
            "region": null,
            "remove_default_node_pool": null,
            "resource_labels": null,
            "resource_usage_export_config": [],
            "services_ipv4_cidr": "10.1.0.0/22",
            "subnetwork": "projects/elasticsearch-236916/regions/us-central1/subnetworks/default",
            "timeouts": null,
            "vertical_pod_autoscaling": [],
            "workload_identity_config": [],
            "zone": null
          },
          "private": "eyJlMmJmYjczMC1lY2FhLTExZTYtOGY4OC0zNDM2M2JjN2M0YzAiOnsiY3JlYXRlIjoyNDAwMDAwMDAwMDAwLCJkZWxldGUiOjI0MDAwMDAwMDAwMDAsInJlYWQiOjI0MDAwMDAwMDAwMDAsInVwZGF0ZSI6MzYwMDAwMDAwMDAwMH0sInNjaGVtYV92ZXJzaW9uIjoiMSJ9"
        }
      ]
    },
    {
      "mode": "managed",
      "type": "google_container_node_pool",
      "name": "primary",
      "provider": "provider.google",
      "instances": [
        {
          "schema_version": 1,
          "attributes": {
            "autoscaling": [],
            "cluster": "my-vpc-native-cluster",
            "id": "projects/elasticsearch-236916/locations/us-central1/clusters/my-vpc-native-cluster/nodePools/my-node-pool",
            "initial_node_count": 1,
            "instance_group_urls": [
              "https://www.googleapis.com/compute/v1/projects/elasticsearch-236916/zones/us-central1-a/instanceGroupManagers/gke-my-vpc-native-cluste-my-node-pool-90b739c3-grp",
              "https://www.googleapis.com/compute/v1/projects/elasticsearch-236916/zones/us-central1-b/instanceGroupManagers/gke-my-vpc-native-cluste-my-node-pool-9a687293-grp",
              "https://www.googleapis.com/compute/v1/projects/elasticsearch-236916/zones/us-central1-f/instanceGroupManagers/gke-my-vpc-native-cluste-my-node-pool-5c78f342-grp"
            ],
            "location": "us-central1",
            "management": [
              {
                "auto_repair": true,
                "auto_upgrade": true
              }
            ],
            "max_pods_per_node": 110,
            "name": "my-node-pool",
            "name_prefix": "",
            "node_config": [
              {
                "disk_size_gb": 100,
                "disk_type": "pd-standard",
                "guest_accelerator": [],
                "image_type": "COS",
                "labels": {
                  "env": "elasticsearch-236916"
                },
                "local_ssd_count": 0,
                "machine_type": "n1-standard-1",
                "metadata": {
                  "disable-legacy-endpoints": "true"
                },
                "min_cpu_platform": "",
                "oauth_scopes": [
                  "https://www.googleapis.com/auth/logging.write",
                  "https://www.googleapis.com/auth/monitoring"
                ],
                "preemptible": false,
                "sandbox_config": [],
                "service_account": "default",
                "shielded_instance_config": [
                  {
                    "enable_integrity_monitoring": true,
                    "enable_secure_boot": false
                  }
                ],
                "tags": [
                  "gke-node",
                  "elasticsearch-236916-gke"
                ],
                "taint": [],
                "workload_metadata_config": []
              }
            ],
            "node_count": 1,
            "node_locations": [
              "us-central1-a",
              "us-central1-b",
              "us-central1-f"
            ],
            "project": "elasticsearch-236916",
            "region": null,
            "timeouts": null,
            "upgrade_settings": [
              {
                "max_surge": 1,
                "max_unavailable": 0
              }
            ],
            "version": "1.15.12-gke.2",
            "zone": null
          },
          "private": "eyJlMmJmYjczMC1lY2FhLTExZTYtOGY4OC0zNDM2M2JjN2M0YzAiOnsiY3JlYXRlIjoxODAwMDAwMDAwMDAwLCJkZWxldGUiOjE4MDAwMDAwMDAwMDAsInVwZGF0ZSI6MTgwMDAwMDAwMDAwMH0sInNjaGVtYV92ZXJzaW9uIjoiMSJ9",
          "dependencies": [
            "google_container_cluster.primary"
          ]
        }
      ]
    }
  ]
}
